PODS:
  - Bolts/Tasks (1.2.0)
  - GoogleMaps (1.10.1)
  - Parse (1.8.0):
    - Bolts/Tasks (>= 1.2.0)

DEPENDENCIES:
  - GoogleMaps
  - Parse

SPEC CHECKSUMS:
  Bolts: d176cb1e0012175589e389a9db49b85e27787576
  GoogleMaps: ebf08677f181d9c2dcdbd1721d206f02beccc9b1
  Parse: 6ea05adb378fbfd6f8726ab67ef74330d96fc903

COCOAPODS: 0.38.2
